// !$*UTF8*$!
{
	archiveVersion = 1;
	classes = {
	};
	objectVersion = 46;
	objects = {

/* Begin PBXBuildFile section */
		887408FB1B33585A002A9C7F /* AppDelegate.swift in Sources */ = {isa = PBXBuildFile; fileRef = 887408FA1B33585A002A9C7F /* AppDelegate.swift */; };
		887408FE1B33585A002A9C7F /* ParseStarterProject.xcdatamodeld in Sources */ = {isa = PBXBuildFile; fileRef = 887408FC1B33585A002A9C7F /* ParseStarterProject.xcdatamodeld */; };
		887409001B33585A002A9C7F /* ViewController.swift in Sources */ = {isa = PBXBuildFile; fileRef = 887408FF1B33585A002A9C7F /* ViewController.swift */; };
		887409031B33585A002A9C7F /* Main.storyboard in Resources */ = {isa = PBXBuildFile; fileRef = 887409011B33585A002A9C7F /* Main.storyboard */; };
		887409051B33585A002A9C7F /* Images.xcassets in Resources */ = {isa = PBXBuildFile; fileRef = 887409041B33585A002A9C7F /* Images.xcassets */; };
		887409081B33585A002A9C7F /* LaunchScreen.xib in Resources */ = {isa = PBXBuildFile; fileRef = 887409061B33585A002A9C7F /* LaunchScreen.xib */; };
		887409141B33585A002A9C7F /* ParseStarterProjectTests.swift in Sources */ = {isa = PBXBuildFile; fileRef = 887409131B33585A002A9C7F /* ParseStarterProjectTests.swift */; };
/* End PBXBuildFile section */

/* Begin PBXContainerItemProxy section */
		8874090E1B33585A002A9C7F /* PBXContainerItemProxy */ = {
			isa = PBXContainerItemProxy;
			containerPortal = 887408ED1B33585A002A9C7F /* Project object */;
			proxyType = 1;
			remoteGlobalIDString = 887408F41B33585A002A9C7F;
			remoteInfo = ParseStarterProject;
		};
/* End PBXContainerItemProxy section */

/* Begin PBXFileReference section */
		887408F51B33585A002A9C7F /* ParseStarterProject.app */ = {isa = PBXFileReference; explicitFileType = wrapper.application; includeInIndex = 0; path = ParseStarterProject.app; sourceTree = BUILT_PRODUCTS_DIR; };
		887408F91B33585A002A9C7F /* Info.plist */ = {isa = PBXFileReference; lastKnownFileType = text.plist.xml; path = Info.plist; sourceTree = "<group>"; };
		887408FA1B33585A002A9C7F /* AppDelegate.swift */ = {isa = PBXFileReference; lastKnownFileType = sourcecode.swift; path = AppDelegate.swift; sourceTree = "<group>"; };
		887408FD1B33585A002A9C7F /* ParseStarterProject.xcdatamodel */ = {isa = PBXFileReference; lastKnownFileType = wrapper.xcdatamodel; path = ParseStarterProject.xcdatamodel; sourceTree = "<group>"; };
		887408FF1B33585A002A9C7F /* ViewController.swift */ = {isa = PBXFileReference; lastKnownFileType = sourcecode.swift; path = ViewController.swift; sourceTree = "<group>"; };
		887409021B33585A002A9C7F /* Base */ = {isa = PBXFileReference; lastKnownFileType = file.storyboard; name = Base; path = Base.lproj/Main.storyboard; sourceTree = "<group>"; };
		887409041B33585A002A9C7F /* Images.xcassets */ = {isa = PBXFileReference; lastKnownFileType = folder.assetcatalog; path = Images.xcassets; sourceTree = "<group>"; };
		887409071B33585A002A9C7F /* Base */ = {isa = PBXFileReference; lastKnownFileType = file.xib; name = Base; path = Base.lproj/LaunchScreen.xib; sourceTree = "<group>"; };
		8874090D1B33585A002A9C7F /* ParseStarterProjectTests.xctest */ = {isa = PBXFileReference; explicitFileType = wrapper.cfbundle; includeInIndex = 0; path = ParseStarterProjectTests.xctest; sourceTree = BUILT_PRODUCTS_DIR; };
		887409121B33585A002A9C7F /* Info.plist */ = {isa = PBXFileReference; lastKnownFileType = text.plist.xml; path = Info.plist; sourceTree = "<group>"; };
		887409131B33585A002A9C7F /* ParseStarterProjectTests.swift */ = {isa = PBXFileReference; lastKnownFileType = sourcecode.swift; path = ParseStarterProjectTests.swift; sourceTree = "<group>"; };
/* End PBXFileReference section */

/* Begin PBXFrameworksBuildPhase section */
		887408F21B33585A002A9C7F /* Frameworks */ = {
			isa = PBXFrameworksBuildPhase;
			buildActionMask = 2147483647;
			files = (
			);
			runOnlyForDeploymentPostprocessing = 0;
		};
		8874090A1B33585A002A9C7F /* Frameworks */ = {
			isa = PBXFrameworksBuildPhase;
			buildActionMask = 2147483647;
			files = (
			);
			runOnlyForDeploymentPostprocessing = 0;
		};
/* End PBXFrameworksBuildPhase section */

/* Begin PBXGroup section */
		887408EC1B33585A002A9C7F = {
			isa = PBXGroup;
			children = (
				887408F71B33585A002A9C7F /* ParseStarterProject */,
				887409101B33585A002A9C7F /* ParseStarterProjectTests */,
				887408F61B33585A002A9C7F /* Products */,
			);
			sourceTree = "<group>";
		};
		887408F61B33585A002A9C7F /* Products */ = {
			isa = PBXGroup;
			children = (
				887408F51B33585A002A9C7F /* ParseStarterProject.app */,
				8874090D1B33585A002A9C7F /* ParseStarterProjectTests.xctest */,
			);
			name = Products;
			sourceTree = "<group>";
		};
		887408F71B33585A002A9C7F /* ParseStarterProject */ = {
			isa = PBXGroup;
			children = (
				887408FA1B33585A002A9C7F /* AppDelegate.swift */,
				887408FF1B33585A002A9C7F /* ViewController.swift */,
				887409011B33585A002A9C7F /* Main.storyboard */,
				887409041B33585A002A9C7F /* Images.xcassets */,
				887409061B33585A002A9C7F /* LaunchScreen.xib */,
				887408FC1B33585A002A9C7F /* ParseStarterProject.xcdatamodeld */,
				887408F81B33585A002A9C7F /* Supporting Files */,
			);
			path = ParseStarterProject;
			sourceTree = "<group>";
		};
		887408F81B33585A002A9C7F /* Supporting Files */ = {
			isa = PBXGroup;
			children = (
				887408F91B33585A002A9C7F /* Info.plist */,
			);
			name = "Supporting Files";
			sourceTree = "<group>";
		};
		887409101B33585A002A9C7F /* ParseStarterProjectTests */ = {
			isa = PBXGroup;
			children = (
				887409131B33585A002A9C7F /* ParseStarterProjectTests.swift */,
				887409111B33585A002A9C7F /* Supporting Files */,
			);
			path = ParseStarterProjectTests;
			sourceTree = "<group>";
		};
		887409111B33585A002A9C7F /* Supporting Files */ = {
			isa = PBXGroup;
			children = (
				887409121B33585A002A9C7F /* Info.plist */,
			);
			name = "Supporting Files";
			sourceTree = "<group>";
		};
/* End PBXGroup section */

/* Begin PBXNativeTarget section */
		887408F41B33585A002A9C7F /* ParseStarterProject */ = {
			isa = PBXNativeTarget;
			buildConfigurationList = 887409171B33585A002A9C7F /* Build configuration list for PBXNativeTarget "ParseStarterProject" */;
			buildPhases = (
				887408F11B33585A002A9C7F /* Sources */,
				887408F21B33585A002A9C7F /* Frameworks */,
				887408F31B33585A002A9C7F /* Resources */,
			);
			buildRules = (
			);
			dependencies = (
			);
			name = ParseStarterProject;
			productName = ParseStarterProject;
			productReference = 887408F51B33585A002A9C7F /* ParseStarterProject.app */;
			productType = "com.apple.product-type.application";
		};
		8874090C1B33585A002A9C7F /* ParseStarterProjectTests */ = {
			isa = PBXNativeTarget;
			buildConfigurationList = 8874091A1B33585A002A9C7F /* Build configuration list for PBXNativeTarget "ParseStarterProjectTests" */;
			buildPhases = (
				887409091B33585A002A9C7F /* Sources */,
				8874090A1B33585A002A9C7F /* Frameworks */,
				8874090B1B33585A002A9C7F /* Resources */,
			);
			buildRules = (
			);
			dependencies = (
				8874090F1B33585A002A9C7F /* PBXTargetDependency */,
			);
			name = ParseStarterProjectTests;
			productName = ParseStarterProjectTests;
			productReference = 8874090D1B33585A002A9C7F /* ParseStarterProjectTests.xctest */;
			productType = "com.apple.product-type.bundle.unit-test";
		};
/* End PBXNativeTarget section */

/* Begin PBXProject section */
		887408ED1B33585A002A9C7F /* Project object */ = {
			isa = PBXProject;
			attributes = {
				LastUpgradeCheck = 0630;
				ORGANIZATIONNAME = "Mathieu Skulason";
				TargetAttributes = {
					887408F41B33585A002A9C7F = {
						CreatedOnToolsVersion = 6.3.1;
					};
					8874090C1B33585A002A9C7F = {
						CreatedOnToolsVersion = 6.3.1;
						TestTargetID = 887408F41B33585A002A9C7F;
					};
				};
			};
			buildConfigurationList = 887408F01B33585A002A9C7F /* Build configuration list for PBXProject "ParseStarterProject" */;
			compatibilityVersion = "Xcode 3.2";
			developmentRegion = English;
			hasScannedForEncodings = 0;
			knownRegions = (
				en,
				Base,
			);
			mainGroup = 887408EC1B33585A002A9C7F;
			productRefGroup = 887408F61B33585A002A9C7F /* Products */;
			projectDirPath = "";
			projectRoot = "";
			targets = (
				887408F41B33585A002A9C7F /* ParseStarterProject */,
				8874090C1B33585A002A9C7F /* ParseStarterProjectTests */,
			);
		};
/* End PBXProject section */

/* Begin PBXResourcesBuildPhase section */
		887408F31B33585A002A9C7F /* Resources */ = {
			isa = PBXResourcesBuildPhase;
			buildActionMask = 2147483647;
			files = (
				887409031B33585A002A9C7F /* Main.storyboard in Resources */,
				887409081B33585A002A9C7F /* LaunchScreen.xib in Resources */,
				887409051B33585A002A9C7F /* Images.xcassets in Resources */,
			);
			runOnlyForDeploymentPostprocessing = 0;
		};
		8874090B1B33585A002A9C7F /* Resources */ = {
			isa = PBXResourcesBuildPhase;
			buildActionMask = 2147483647;
			files = (
			);
			runOnlyForDeploymentPostprocessing = 0;
		};
/* End PBXResourcesBuildPhase section */

/* Begin PBXSourcesBuildPhase section */
		887408F11B33585A002A9C7F /* Sources */ = {
			isa = PBXSourcesBuildPhase;
			buildActionMask = 2147483647;
			files = (
				887409001B33585A002A9C7F /* ViewController.swift in Sources */,
				887408FE1B33585A002A9C7F /* ParseStarterProject.xcdatamodeld in Sources */,
				887408FB1B33585A002A9C7F /* AppDelegate.swift in Sources */,
			);
			runOnlyForDeploymentPostprocessing = 0;
		};
		887409091B33585A002A9C7F /* Sources */ = {
			isa = PBXSourcesBuildPhase;
			buildActionMask = 2147483647;
			files = (
				887409141B33585A002A9C7F /* ParseStarterProjectTests.swift in Sources */,
			);
			runOnlyForDeploymentPostprocessing = 0;
		};
/* End PBXSourcesBuildPhase section */

/* Begin PBXTargetDependency section */
		8874090F1B33585A002A9C7F /* PBXTargetDependency */ = {
			isa = PBXTargetDependency;
			target = 887408F41B33585A002A9C7F /* ParseStarterProject */;
			targetProxy = 8874090E1B33585A002A9C7F /* PBXContainerItemProxy */;
		};
/* End PBXTargetDependency section */

/* Begin PBXVariantGroup section */
		887409011B33585A002A9C7F /* Main.storyboard */ = {
			isa = PBXVariantGroup;
			children = (
				887409021B33585A002A9C7F /* Base */,
			);
			name = Main.storyboard;
			sourceTree = "<group>";
		};
		887409061B33585A002A9C7F /* LaunchScreen.xib */ = {
			isa = PBXVariantGroup;
			children = (
				887409071B33585A002A9C7F /* Base */,
			);
			name = LaunchScreen.xib;
			sourceTree = "<group>";
		};
/* End PBXVariantGroup section */

/* Begin XCBuildConfiguration section */
		887409151B33585A002A9C7F /* Debug */ = {
			isa = XCBuildConfiguration;
			buildSettings = {
				ALWAYS_SEARCH_USER_PATHS = NO;
				CLANG_CXX_LANGUAGE_STANDARD = "gnu++0x";
				CLANG_CXX_LIBRARY = "libc++";
				CLANG_ENABLE_MODULES = YES;
				CLANG_ENABLE_OBJC_ARC = YES;
				CLANG_WARN_BOOL_CONVERSION = YES;
				CLANG_WARN_CONSTANT_CONVERSION = YES;
				CLANG_WARN_DIRECT_OBJC_ISA_USAGE = YES_ERROR;
				CLANG_WARN_EMPTY_BODY = YES;
				CLANG_WARN_ENUM_CONVERSION = YES;
				CLANG_WARN_INT_CONVERSION = YES;
				CLANG_WARN_OBJC_ROOT_CLASS = YES_ERROR;
				CLANG_WARN_UNREACHABLE_CODE = YES;
				CLANG_WARN__DUPLICATE_METHOD_MATCH = YES;
				"CODE_SIGN_IDENTITY[sdk=iphoneos*]" = "iPhone Developer";
				COPY_PHASE_STRIP = NO;
				DEBUG_INFORMATION_FORMAT = "dwarf-with-dsym";
				ENABLE_STRICT_OBJC_MSGSEND = YES;
				GCC_C_LANGUAGE_STANDARD = gnu99;
				GCC_DYNAMIC_NO_PIC = NO;
				GCC_NO_COMMON_BLOCKS = YES;
				GCC_OPTIMIZATION_LEVEL = 0;
				GCC_PREPROCESSOR_DEFINITIONS = (
					"DEBUG=1",
					"$(inherited)",
				);
				GCC_SYMBOLS_PRIVATE_EXTERN = NO;
				GCC_WARN_64_TO_32_BIT_CONVERSION = YES;
				GCC_WARN_ABOUT_RETURN_TYPE = YES_ERROR;
				GCC_WARN_UNDECLARED_SELECTOR = YES;
				GCC_WARN_UNINITIALIZED_AUTOS = YES_AGGRESSIVE;
				GCC_WARN_UNUSED_FUNCTION = YES;
				GCC_WARN_UNUSED_VARIABLE = YES;
				IPHONEOS_DEPLOYMENT_TARGET = 8.3;
				MTL_ENABLE_DEBUG_INFO = YES;
				ONLY_ACTIVE_ARCH = YES;
				SDKROOT = iphoneos;
				SWIFT_OPTIMIZATION_LEVEL = "-Onone";
			};
			name = Debug;
		};
		887409161B33585A002A9C7F /* Release */ = {
			isa = XCBuildConfiguration;
			buildSettings = {
				ALWAYS_SEARCH_USER_PATHS = NO;
				CLANG_CXX_LANGUAGE_STANDARD = "gnu++0x";
				CLANG_CXX_LIBRARY = "libc++";
				CLANG_ENABLE_MODULES = YES;
				CLANG_ENABLE_OBJC_ARC = YES;
				CLANG_WARN_BOOL_CONVERSION = YES;
				CLANG_WARN_CONSTANT_CONVERSION = YES;
				CLANG_WARN_DIRECT_OBJC_ISA_USAGE = YES_ERROR;
				CLANG_WARN_EMPTY_BODY = YES;
				CLANG_WARN_ENUM_CONVERSION = YES;
				CLANG_WARN_INT_CONVERSION = YES;
				CLANG_WARN_OBJC_ROOT_CLASS = YES_ERROR;
				CLANG_WARN_UNREACHABLE_CODE = YES;
				CLANG_WARN__DUPLICATE_METHOD_MATCH = YES;
				"CODE_SIGN_IDENTITY[sdk=iphoneos*]" = "iPhone Developer";
				COPY_PHASE_STRIP = NO;
				DEBUG_INFORMATION_FORMAT = "dwarf-with-dsym";
				ENABLE_NS_ASSERTIONS = NO;
				ENABLE_STRICT_OBJC_MSGSEND = YES;
				GCC_C_LANGUAGE_STANDARD = gnu99;
				GCC_NO_COMMON_BLOCKS = YES;
				GCC_WARN_64_TO_32_BIT_CONVERSION = YES;
				GCC_WARN_ABOUT_RETURN_TYPE = YES_ERROR;
				GCC_WARN_UNDECLARED_SELECTOR = YES;
				GCC_WARN_UNINITIALIZED_AUTOS = YES_AGGRESSIVE;
				GCC_WARN_UNUSED_FUNCTION = YES;
				GCC_WARN_UNUSED_VARIABLE = YES;
				IPHONEOS_DEPLOYMENT_TARGET = 8.3;
				MTL_ENABLE_DEBUG_INFO = NO;
				SDKROOT = iphoneos;
				VALIDATE_PRODUCT = YES;
			};
			name = Release;
		};
		887409181B33585A002A9C7F /* Debug */ = {
			isa = XCBuildConfiguration;
			buildSettings = {
				ASSETCATALOG_COMPILER_APPICON_NAME = AppIcon;
				INFOPLIST_FILE = ParseStarterProject/Info.plist;
				LD_RUNPATH_SEARCH_PATHS = "$(inherited) @executable_path/Frameworks";
				PRODUCT_NAME = "$(TARGET_NAME)";
			};
			name = Debug;
		};
		887409191B33585A002A9C7F /* Release */ = {
			isa = XCBuildConfiguration;
			buildSettings = {
				ASSETCATALOG_COMPILER_APPICON_NAME = AppIcon;
				INFOPLIST_FILE = ParseStarterProject/Info.plist;
				LD_RUNPATH_SEARCH_PATHS = "$(inherited) @executable_path/Frameworks";
				PRODUCT_NAME = "$(TARGET_NAME)";
			};
			name = Release;
		};
		8874091B1B33585A002A9C7F /* Debug */ = {
			isa = XCBuildConfiguration;
			buildSettings = {
				BUNDLE_LOADER = "$(TEST_HOST)";
				FRAMEWORK_SEARCH_PATHS = (
					"$(SDKROOT)/Developer/Library/Frameworks",
					"$(inherited)",
				);
				GCC_PREPROCESSOR_DEFINITIONS = (
					"DEBUG=1",
					"$(inherited)",
				);
				INFOPLIST_FILE = ParseStarterProjectTests/Info.plist;
				LD_RUNPATH_SEARCH_PATHS = "$(inherited) @executable_path/Frameworks @loader_path/Frameworks";
				PRODUCT_NAME = "$(TARGET_NAME)";
				TEST_HOST = "$(BUILT_PRODUCTS_DIR)/ParseStarterProject.app/ParseStarterProject";
			};
			name = Debug;
		};
		8874091C1B33585A002A9C7F /* Release */ = {
			isa = XCBuildConfiguration;
			buildSettings = {
				BUNDLE_LOADER = "$(TEST_HOST)";
				FRAMEWORK_SEARCH_PATHS = (
					"$(SDKROOT)/Developer/Library/Frameworks",
					"$(inherited)",
				);
				INFOPLIST_FILE = ParseStarterProjectTests/Info.plist;
				LD_RUNPATH_SEARCH_PATHS = "$(inherited) @executable_path/Frameworks @loader_path/Frameworks";
				PRODUCT_NAME = "$(TARGET_NAME)";
				TEST_HOST = "$(BUILT_PRODUCTS_DIR)/ParseStarterProject.app/ParseStarterProject";
			};
			name = Release;
		};
/* End XCBuildConfiguration section */

/* Begin XCConfigurationList section */
		887408F01B33585A002A9C7F /* Build configuration list for PBXProject "ParseStarterProject" */ = {
			isa = XCConfigurationList;
			buildConfigurations = (
				887409151B33585A002A9C7F /* Debug */,
				887409161B33585A002A9C7F /* Release */,
			);
			defaultConfigurationIsVisible = 0;
			defaultConfigurationName = Release;
		};
		887409171B33585A002A9C7F /* Build configuration list for PBXNativeTarget "ParseStarterProject" */ = {
			isa = XCConfigurationList;
			buildConfigurations = (
				887409181B33585A002A9C7F /* Debug */,
				887409191B33585A002A9C7F /* Release */,
			);
			defaultConfigurationIsVisible = 0;
		};
		8874091A1B33585A002A9C7F /* Build configuration list for PBXNativeTarget "ParseStarterProjectTests" */ = {
			isa = XCConfigurationList;
			buildConfigurations = (
				8874091B1B33585A002A9C7F /* Debug */,
				8874091C1B33585A002A9C7F /* Release */,
			);
			defaultConfigurationIsVisible = 0;
		};
/* End XCConfigurationList section */

/* Begin XCVersionGroup section */
		887408FC1B33585A002A9C7F /* ParseStarterProject.xcdatamodeld */ = {
			isa = XCVersionGroup;
			children = (
				887408FD1B33585A002A9C7F /* ParseStarterProject.xcdatamodel */,
			);
			currentVersion = 887408FD1B33585A002A9C7F /* ParseStarterProject.xcdatamodel */;
			path = ParseStarterProject.xcdatamodeld;
			sourceTree = "<group>";
			versionGroupType = wrapper.xcdatamodel;
		};
/* End XCVersionGroup section */
	};
	rootObject = 887408ED1B33585A002A9C7F /* Project object */;
}
